// !$*UTF8*$!
{
	archiveVersion = 1;
	classes = {
	};
	objectVersion = 46;
	objects = {

/* Begin PBXBuildFile section */
		1C7122CA1B8CE87600677551 /* main.m in Sources */ = {isa = PBXBuildFile; fileRef = 1C7122C91B8CE87600677551 /* main.m */; };
		1C7122CD1B8CE87600677551 /* AppDelegate.m in Sources */ = {isa = PBXBuildFile; fileRef = 1C7122CC1B8CE87600677551 /* AppDelegate.m */; };
		1C7122D01B8CE87600677551 /* ViewController.m in Sources */ = {isa = PBXBuildFile; fileRef = 1C7122CF1B8CE87600677551 /* ViewController.m */; };
		1C7122D31B8CE87600677551 /* Main.storyboard in Resources */ = {isa = PBXBuildFile; fileRef = 1C7122D11B8CE87600677551 /* Main.storyboard */; };
		1C7122D51B8CE87600677551 /* Images.xcassets in Resources */ = {isa = PBXBuildFile; fileRef = 1C7122D41B8CE87600677551 /* Images.xcassets */; };
		1C7122D81B8CE87600677551 /* LaunchScreen.xib in Resources */ = {isa = PBXBuildFile; fileRef = 1C7122D61B8CE87600677551 /* LaunchScreen.xib */; };
		1C7122E41B8CE87600677551 /* Galleri_V2Tests.m in Sources */ = {isa = PBXBuildFile; fileRef = 1C7122E31B8CE87600677551 /* Galleri_V2Tests.m */; };
/* End PBXBuildFile section */

/* Begin PBXContainerItemProxy section */
		1C7122DE1B8CE87600677551 /* PBXContainerItemProxy */ = {
			isa = PBXContainerItemProxy;
			containerPortal = 1C7122BC1B8CE87600677551 /* Project object */;
			proxyType = 1;
			remoteGlobalIDString = 1C7122C31B8CE87600677551;
			remoteInfo = "Galleri V2";
		};
/* End PBXContainerItemProxy section */

/* Begin PBXFileReference section */
		1C7122C41B8CE87600677551 /* Galleri V2.app */ = {isa = PBXFileReference; explicitFileType = wrapper.application; includeInIndex = 0; path = "Galleri V2.app"; sourceTree = BUILT_PRODUCTS_DIR; };
		1C7122C81B8CE87600677551 /* Info.plist */ = {isa = PBXFileReference; lastKnownFileType = text.plist.xml; path = Info.plist; sourceTree = "<group>"; };
		1C7122C91B8CE87600677551 /* main.m */ = {isa = PBXFileReference; lastKnownFileType = sourcecode.c.objc; path = main.m; sourceTree = "<group>"; };
		1C7122CB1B8CE87600677551 /* AppDelegate.h */ = {isa = PBXFileReference; lastKnownFileType = sourcecode.c.h; path = AppDelegate.h; sourceTree = "<group>"; };
		1C7122CC1B8CE87600677551 /* AppDelegate.m */ = {isa = PBXFileReference; lastKnownFileType = sourcecode.c.objc; path = AppDelegate.m; sourceTree = "<group>"; };
		1C7122CE1B8CE87600677551 /* ViewController.h */ = {isa = PBXFileReference; lastKnownFileType = sourcecode.c.h; path = ViewController.h; sourceTree = "<group>"; };
		1C7122CF1B8CE87600677551 /* ViewController.m */ = {isa = PBXFileReference; lastKnownFileType = sourcecode.c.objc; path = ViewController.m; sourceTree = "<group>"; };
		1C7122D21B8CE87600677551 /* Base */ = {isa = PBXFileReference; lastKnownFileType = file.storyboard; name = Base; path = Base.lproj/Main.storyboard; sourceTree = "<group>"; };
		1C7122D41B8CE87600677551 /* Images.xcassets */ = {isa = PBXFileReference; lastKnownFileType = folder.assetcatalog; path = Images.xcassets; sourceTree = "<group>"; };
		1C7122D71B8CE87600677551 /* Base */ = {isa = PBXFileReference; lastKnownFileType = file.xib; name = Base; path = Base.lproj/LaunchScreen.xib; sourceTree = "<group>"; };
		1C7122DD1B8CE87600677551 /* Galleri V2Tests.xctest */ = {isa = PBXFileReference; explicitFileType = wrapper.cfbundle; includeInIndex = 0; path = "Galleri V2Tests.xctest"; sourceTree = BUILT_PRODUCTS_DIR; };
		1C7122E21B8CE87600677551 /* Info.plist */ = {isa = PBXFileReference; lastKnownFileType = text.plist.xml; path = Info.plist; sourceTree = "<group>"; };
		1C7122E31B8CE87600677551 /* Galleri_V2Tests.m */ = {isa = PBXFileReference; lastKnownFileType = sourcecode.c.objc; path = Galleri_V2Tests.m; sourceTree = "<group>"; };
/* End PBXFileReference section */

/* Begin PBXFrameworksBuildPhase section */
		1C7122C11B8CE87600677551 /* Frameworks */ = {
			isa = PBXFrameworksBuildPhase;
			buildActionMask = 2147483647;
			files = (
			);
			runOnlyForDeploymentPostprocessing = 0;
		};
		1C7122DA1B8CE87600677551 /* Frameworks */ = {
			isa = PBXFrameworksBuildPhase;
			buildActionMask = 2147483647;
			files = (
			);
			runOnlyForDeploymentPostprocessing = 0;
		};
/* End PBXFrameworksBuildPhase section */

/* Begin PBXGroup section */
		1C7122BB1B8CE87600677551 = {
			isa = PBXGroup;
			children = (
				1C7122C61B8CE87600677551 /* Galleri V2 */,
				1C7122E01B8CE87600677551 /* Galleri V2Tests */,
				1C7122C51B8CE87600677551 /* Products */,
			);
			sourceTree = "<group>";
		};
		1C7122C51B8CE87600677551 /* Products */ = {
			isa = PBXGroup;
			children = (
				1C7122C41B8CE87600677551 /* Galleri V2.app */,
				1C7122DD1B8CE87600677551 /* Galleri V2Tests.xctest */,
			);
			name = Products;
			sourceTree = "<group>";
		};
		1C7122C61B8CE87600677551 /* Galleri V2 */ = {
			isa = PBXGroup;
			children = (
				1C7122CB1B8CE87600677551 /* AppDelegate.h */,
				1C7122CC1B8CE87600677551 /* AppDelegate.m */,
				1C7122CE1B8CE87600677551 /* ViewController.h */,
				1C7122CF1B8CE87600677551 /* ViewController.m */,
				1C7122D11B8CE87600677551 /* Main.storyboard */,
				1C7122D41B8CE87600677551 /* Images.xcassets */,
				1C7122D61B8CE87600677551 /* LaunchScreen.xib */,
				1C7122C71B8CE87600677551 /* Supporting Files */,
			);
			path = "Galleri V2";
			sourceTree = "<group>";
		};
		1C7122C71B8CE87600677551 /* Supporting Files */ = {
			isa = PBXGroup;
			children = (
				1C7122C81B8CE87600677551 /* Info.plist */,
				1C7122C91B8CE87600677551 /* main.m */,
			);
			name = "Supporting Files";
			sourceTree = "<group>";
		};
		1C7122E01B8CE87600677551 /* Galleri V2Tests */ = {
			isa = PBXGroup;
			children = (
				1C7122E31B8CE87600677551 /* Galleri_V2Tests.m */,
				1C7122E11B8CE87600677551 /* Supporting Files */,
			);
			path = "Galleri V2Tests";
			sourceTree = "<group>";
		};
		1C7122E11B8CE87600677551 /* Supporting Files */ = {
			isa = PBXGroup;
			children = (
				1C7122E21B8CE87600677551 /* Info.plist */,
			);
			name = "Supporting Files";
			sourceTree = "<group>";
		};
/* End PBXGroup section */

/* Begin PBXNativeTarget section */
		1C7122C31B8CE87600677551 /* Galleri V2 */ = {
			isa = PBXNativeTarget;
			buildConfigurationList = 1C7122E71B8CE87600677551 /* Build configuration list for PBXNativeTarget "Galleri V2" */;
			buildPhases = (
				1C7122C01B8CE87600677551 /* Sources */,
				1C7122C11B8CE87600677551 /* Frameworks */,
				1C7122C21B8CE87600677551 /* Resources */,
			);
			buildRules = (
			);
			dependencies = (
			);
			name = "Galleri V2";
			productName = "Galleri V2";
			productReference = 1C7122C41B8CE87600677551 /* Galleri V2.app */;
			productType = "com.apple.product-type.application";
		};
		1C7122DC1B8CE87600677551 /* Galleri V2Tests */ = {
			isa = PBXNativeTarget;
			buildConfigurationList = 1C7122EA1B8CE87600677551 /* Build configuration list for PBXNativeTarget "Galleri V2Tests" */;
			buildPhases = (
				1C7122D91B8CE87600677551 /* Sources */,
				1C7122DA1B8CE87600677551 /* Frameworks */,
				1C7122DB1B8CE87600677551 /* Resources */,
			);
			buildRules = (
			);
			dependencies = (
				1C7122DF1B8CE87600677551 /* PBXTargetDependency */,
			);
			name = "Galleri V2Tests";
			productName = "Galleri V2Tests";
			productReference = 1C7122DD1B8CE87600677551 /* Galleri V2Tests.xctest */;
			productType = "com.apple.product-type.bundle.unit-test";
		};
/* End PBXNativeTarget section */

/* Begin PBXProject section */
		1C7122BC1B8CE87600677551 /* Project object */ = {
			isa = PBXProject;
			attributes = {
				LastUpgradeCheck = 0640;
				ORGANIZATIONNAME = "Mukul Surajiwale";
				TargetAttributes = {
					1C7122C31B8CE87600677551 = {
						CreatedOnToolsVersion = 6.4;
					};
					1C7122DC1B8CE87600677551 = {
						CreatedOnToolsVersion = 6.4;
						TestTargetID = 1C7122C31B8CE87600677551;
					};
				};
			};
			buildConfigurationList = 1C7122BF1B8CE87600677551 /* Build configuration list for PBXProject "Galleri V2" */;
			compatibilityVersion = "Xcode 3.2";
			developmentRegion = English;
			hasScannedForEncodings = 0;
			knownRegions = (
				en,
				Base,
			);
			mainGroup = 1C7122BB1B8CE87600677551;
			productRefGroup = 1C7122C51B8CE87600677551 /* Products */;
			projectDirPath = "";
			projectRoot = "";
			targets = (
				1C7122C31B8CE87600677551 /* Galleri V2 */,
				1C7122DC1B8CE87600677551 /* Galleri V2Tests */,
			);
		};
/* End PBXProject section */

/* Begin PBXResourcesBuildPhase section */
		1C7122C21B8CE87600677551 /* Resources */ = {
			isa = PBXResourcesBuildPhase;
			buildActionMask = 2147483647;
			files = (
				1C7122D31B8CE87600677551 /* Main.storyboard in Resources */,
				1C7122D81B8CE87600677551 /* LaunchScreen.xib in Resources */,
				1C7122D51B8CE87600677551 /* Images.xcassets in Resources */,
			);
			runOnlyForDeploymentPostprocessing = 0;
		};
		1C7122DB1B8CE87600677551 /* Resources */ = {
			isa = PBXResourcesBuildPhase;
			buildActionMask = 2147483647;
			files = (
			);
			runOnlyForDeploymentPostprocessing = 0;
		};
/* End PBXResourcesBuildPhase section */

/* Begin PBXSourcesBuildPhase section */
		1C7122C01B8CE87600677551 /* Sources */ = {
			isa = PBXSourcesBuildPhase;
			buildActionMask = 2147483647;
			files = (
				1C7122D01B8CE87600677551 /* ViewController.m in Sources */,
				1C7122CD1B8CE87600677551 /* AppDelegate.m in Sources */,
				1C7122CA1B8CE87600677551 /* main.m in Sources */,
			);
			runOnlyForDeploymentPostprocessing = 0;
		};
		1C7122D91B8CE87600677551 /* Sources */ = {
			isa = PBXSourcesBuildPhase;
			buildActionMask = 2147483647;
			files = (
				1C7122E41B8CE87600677551 /* Galleri_V2Tests.m in Sources */,
			);
			runOnlyForDeploymentPostprocessing = 0;
		};
/* End PBXSourcesBuildPhase section */

/* Begin PBXTargetDependency section */
		1C7122DF1B8CE87600677551 /* PBXTargetDependency */ = {
			isa = PBXTargetDependency;
			target = 1C7122C31B8CE87600677551 /* Galleri V2 */;
			targetProxy = 1C7122DE1B8CE87600677551 /* PBXContainerItemProxy */;
		};
/* End PBXTargetDependency section */

/* Begin PBXVariantGroup section */
		1C7122D11B8CE87600677551 /* Main.storyboard */ = {
			isa = PBXVariantGroup;
			children = (
				1C7122D21B8CE87600677551 /* Base */,
			);
			name = Main.storyboard;
			sourceTree = "<group>";
		};
		1C7122D61B8CE87600677551 /* LaunchScreen.xib */ = {
			isa = PBXVariantGroup;
			children = (
				1C7122D71B8CE87600677551 /* Base */,
			);
			name = LaunchScreen.xib;
			sourceTree = "<group>";
		};
/* End PBXVariantGroup section */

/* Begin XCBuildConfiguration section */
		1C7122E51B8CE87600677551 /* Debug */ = {
			isa = XCBuildConfiguration;
			buildSettings = {
				ALWAYS_SEARCH_USER_PATHS = NO;
				CLANG_CXX_LANGUAGE_STANDARD = "gnu++0x";
				CLANG_CXX_LIBRARY = "libc++";
				CLANG_ENABLE_MODULES = YES;
				CLANG_ENABLE_OBJC_ARC = YES;
				CLANG_WARN_BOOL_CONVERSION = YES;
				CLANG_WARN_CONSTANT_CONVERSION = YES;
				CLANG_WARN_DIRECT_OBJC_ISA_USAGE = YES_ERROR;
				CLANG_WARN_EMPTY_BODY = YES;
				CLANG_WARN_ENUM_CONVERSION = YES;
				CLANG_WARN_INT_CONVERSION = YES;
				CLANG_WARN_OBJC_ROOT_CLASS = YES_ERROR;
				CLANG_WARN_UNREACHABLE_CODE = YES;
				CLANG_WARN__DUPLICATE_METHOD_MATCH = YES;
				"CODE_SIGN_IDENTITY[sdk=iphoneos*]" = "iPhone Developer";
				COPY_PHASE_STRIP = NO;
				DEBUG_INFORMATION_FORMAT = "dwarf-with-dsym";
				ENABLE_STRICT_OBJC_MSGSEND = YES;
				GCC_C_LANGUAGE_STANDARD = gnu99;
				GCC_DYNAMIC_NO_PIC = NO;
				GCC_NO_COMMON_BLOCKS = YES;
				GCC_OPTIMIZATION_LEVEL = 0;
				GCC_PREPROCESSOR_DEFINITIONS = (
					"DEBUG=1",
					"$(inherited)",
				);
				GCC_SYMBOLS_PRIVATE_EXTERN = NO;
				GCC_WARN_64_TO_32_BIT_CONVERSION = YES;
				GCC_WARN_ABOUT_RETURN_TYPE = YES_ERROR;
				GCC_WARN_UNDECLARED_SELECTOR = YES;
				GCC_WARN_UNINITIALIZED_AUTOS = YES_AGGRESSIVE;
				GCC_WARN_UNUSED_FUNCTION = YES;
				GCC_WARN_UNUSED_VARIABLE = YES;
				IPHONEOS_DEPLOYMENT_TARGET = 8.4;
				MTL_ENABLE_DEBUG_INFO = YES;
				ONLY_ACTIVE_ARCH = YES;
				SDKROOT = iphoneos;
				TARGETED_DEVICE_FAMILY = "1,2";
			};
			name = Debug;
		};
		1C7122E61B8CE87600677551 /* Release */ = {
			isa = XCBuildConfiguration;
			buildSettings = {
				ALWAYS_SEARCH_USER_PATHS = NO;
				CLANG_CXX_LANGUAGE_STANDARD = "gnu++0x";
				CLANG_CXX_LIBRARY = "libc++";
				CLANG_ENABLE_MODULES = YES;
				CLANG_ENABLE_OBJC_ARC = YES;
				CLANG_WARN_BOOL_CONVERSION = YES;
				CLANG_WARN_CONSTANT_CONVERSION = YES;
				CLANG_WARN_DIRECT_OBJC_ISA_USAGE = YES_ERROR;
				CLANG_WARN_EMPTY_BODY = YES;
				CLANG_WARN_ENUM_CONVERSION = YES;
				CLANG_WARN_INT_CONVERSION = YES;
				CLANG_WARN_OBJC_ROOT_CLASS = YES_ERROR;
				CLANG_WARN_UNREACHABLE_CODE = YES;
				CLANG_WARN__DUPLICATE_METHOD_MATCH = YES;
				"CODE_SIGN_IDENTITY[sdk=iphoneos*]" = "iPhone Developer";
				COPY_PHASE_STRIP = NO;
				DEBUG_INFORMATION_FORMAT = "dwarf-with-dsym";
				ENABLE_NS_ASSERTIONS = NO;
				ENABLE_STRICT_OBJC_MSGSEND = YES;
				GCC_C_LANGUAGE_STANDARD = gnu99;
				GCC_NO_COMMON_BLOCKS = YES;
				GCC_WARN_64_TO_32_BIT_CONVERSION = YES;
				GCC_WARN_ABOUT_RETURN_TYPE = YES_ERROR;
				GCC_WARN_UNDECLARED_SELECTOR = YES;
				GCC_WARN_UNINITIALIZED_AUTOS = YES_AGGRESSIVE;
				GCC_WARN_UNUSED_FUNCTION = YES;
				GCC_WARN_UNUSED_VARIABLE = YES;
				IPHONEOS_DEPLOYMENT_TARGET = 8.4;
				MTL_ENABLE_DEBUG_INFO = NO;
				SDKROOT = iphoneos;
				TARGETED_DEVICE_FAMILY = "1,2";
				VALIDATE_PRODUCT = YES;
			};
			name = Release;
		};
		1C7122E81B8CE87600677551 /* Debug */ = {
			isa = XCBuildConfiguration;
			buildSettings = {
				ASSETCATALOG_COMPILER_APPICON_NAME = AppIcon;
				INFOPLIST_FILE = "Galleri V2/Info.plist";
				LD_RUNPATH_SEARCH_PATHS = "$(inherited) @executable_path/Frameworks";
				PRODUCT_NAME = "$(TARGET_NAME)";
			};
			name = Debug;
		};
		1C7122E91B8CE87600677551 /* Release */ = {
			isa = XCBuildConfiguration;
			buildSettings = {
				ASSETCATALOG_COMPILER_APPICON_NAME = AppIcon;
				INFOPLIST_FILE = "Galleri V2/Info.plist";
				LD_RUNPATH_SEARCH_PATHS = "$(inherited) @executable_path/Frameworks";
				PRODUCT_NAME = "$(TARGET_NAME)";
			};
			name = Release;
		};
		1C7122EB1B8CE87600677551 /* Debug */ = {
			isa = XCBuildConfiguration;
			buildSettings = {
				BUNDLE_LOADER = "$(TEST_HOST)";
				FRAMEWORK_SEARCH_PATHS = (
					"$(SDKROOT)/Developer/Library/Frameworks",
					"$(inherited)",
				);
				GCC_PREPROCESSOR_DEFINITIONS = (
					"DEBUG=1",
					"$(inherited)",
				);
				INFOPLIST_FILE = "Galleri V2Tests/Info.plist";
				LD_RUNPATH_SEARCH_PATHS = "$(inherited) @executable_path/Frameworks @loader_path/Frameworks";
				PRODUCT_NAME = "$(TARGET_NAME)";
				TEST_HOST = "$(BUILT_PRODUCTS_DIR)/Galleri V2.app/Galleri V2";
			};
			name = Debug;
		};
		1C7122EC1B8CE87600677551 /* Release */ = {
			isa = XCBuildConfiguration;
			buildSettings = {
				BUNDLE_LOADER = "$(TEST_HOST)";
				FRAMEWORK_SEARCH_PATHS = (
					"$(SDKROOT)/Developer/Library/Frameworks",
					"$(inherited)",
				);
				INFOPLIST_FILE = "Galleri V2Tests/Info.plist";
				LD_RUNPATH_SEARCH_PATHS = "$(inherited) @executable_path/Frameworks @loader_path/Frameworks";
				PRODUCT_NAME = "$(TARGET_NAME)";
				TEST_HOST = "$(BUILT_PRODUCTS_DIR)/Galleri V2.app/Galleri V2";
			};
			name = Release;
		};
/* End XCBuildConfiguration section */

/* Begin XCConfigurationList section */
		1C7122BF1B8CE87600677551 /* Build configuration list for PBXProject "Galleri V2" */ = {
			isa = XCConfigurationList;
			buildConfigurations = (
				1C7122E51B8CE87600677551 /* Debug */,
				1C7122E61B8CE87600677551 /* Release */,
			);
			defaultConfigurationIsVisible = 0;
			defaultConfigurationName = Release;
		};
		1C7122E71B8CE87600677551 /* Build configuration list for PBXNativeTarget "Galleri V2" */ = {
			isa = XCConfigurationList;
			buildConfigurations = (
				1C7122E81B8CE87600677551 /* Debug */,
				1C7122E91B8CE87600677551 /* Release */,
			);
			defaultConfigurationIsVisible = 0;
		};
		1C7122EA1B8CE87600677551 /* Build configuration list for PBXNativeTarget "Galleri V2Tests" */ = {
			isa = XCConfigurationList;
			buildConfigurations = (
				1C7122EB1B8CE87600677551 /* Debug */,
				1C7122EC1B8CE87600677551 /* Release */,
			);
			defaultConfigurationIsVisible = 0;
		};
/* End XCConfigurationList section */
	};
	rootObject = 1C7122BC1B8CE87600677551 /* Project object */;
}
